{
  "name": "fwidgets",
  "version": "0.0.1",
  "lockfileVersion": 2,
  "requires": true,
  "packages": {
    "": {
      "name": "fwidgets",
      "version": "0.0.1",
      "license": "MIT",
      "dependencies": {
        "classnames": "^2.3.2",
        "figma-await-call": "0.0.2"
      },
      "devDependencies": {
        "@create-figma-plugin/tsconfig": "^2.6.1",
        "@figma/plugin-typings": "1.80.0",
        "typescript": "^5.2.2"
      },
      "peerDependencies": {
        "@create-figma-plugin/ui": "^2.6.1",
        "@create-figma-plugin/utilities": "^2.6.1",
        "preact": "^10.18.1"
      }
    },
    "node_modules/@create-figma-plugin/tsconfig": {
      "version": "2.6.1",
      "resolved": "https://registry.npmjs.org/@create-figma-plugin/tsconfig/-/tsconfig-2.6.1.tgz",
      "integrity": "sha512-VWYzdW0VGM0EW6Y83F9ApImbo/N2VUVjWWYh1hILILal9W1C3LuWLJNl1o2M4sSjnrYo5JJeBKZ8EKfpXD+zyA==",
      "dev": true
    },
    "node_modules/@create-figma-plugin/ui": {
      "version": "2.6.1",
      "resolved": "https://registry.npmjs.org/@create-figma-plugin/ui/-/ui-2.6.1.tgz",
      "integrity": "sha512-22BlXYqh5gnCc2Z4W077dNQuMfvIZzPtzr+4hCzanTG4b+8QUNM5X1u/gOQfvG7LqIJNDk5ZzqJuwfLGTfSxVw==",
      "peer": true,
      "dependencies": {
        "@create-figma-plugin/utilities": "^2.6.1"
      },
      "engines": {
        "node": ">=18"
      },
      "peerDependencies": {
        "preact": ">=10"
      }
    },
    "node_modules/@create-figma-plugin/utilities": {
      "version": "2.6.1",
      "resolved": "https://registry.npmjs.org/@create-figma-plugin/utilities/-/utilities-2.6.1.tgz",
      "integrity": "sha512-Zd4sxIogl2IVLmOIWdcyAav3SwzTzAAMNkWY9DuSkder6kq5M79+AdSJ9q1ETCsCiBysakJ5BPaiVOBRAjfuFQ==",
      "peer": true,
      "dependencies": {
        "hex-rgb": "^5.0.0",
        "natural-compare-lite": "1.4.0",
        "rgb-hex": "^4.0.1"
      },
      "engines": {
        "node": ">=18"
      }
    },
    "node_modules/@figma/plugin-typings": {
      "version": "1.80.0",
      "resolved": "https://registry.npmjs.org/@figma/plugin-typings/-/plugin-typings-1.80.0.tgz",
      "integrity": "sha512-dosTVp5wj8u0pn5/pP+Ii7u/iurwbhEkT9kNbxkyrRf59cjsfbMKw5i7PyRrOUOyBmsH3edhCfh9jMff7G6tjQ==",
      "dev": true
    },
    "node_modules/classnames": {
      "version": "2.3.2",
      "resolved": "https://registry.npmjs.org/classnames/-/classnames-2.3.2.tgz",
      "integrity": "sha512-CSbhY4cFEJRe6/GQzIk5qXZ4Jeg5pcsP7b5peFSDpffpe1cqjASH/n9UTjBwOp6XpMSTwQ8Za2K5V02ueA7Tmw=="
    },
    "node_modules/figma-await-call": {
      "version": "0.0.2",
      "resolved": "https://registry.npmjs.org/figma-await-call/-/figma-await-call-0.0.2.tgz",
      "integrity": "sha512-AruRh7MLgKxKIPSYUXF/JESsPl5+X/hP96V8UR9MsZrFbVGzArgJPpT7V1R00NgC6D0iNsObb25L/bIiEREcjw=="
    },
    "node_modules/hex-rgb": {
      "version": "5.0.0",
      "resolved": "https://registry.npmjs.org/hex-rgb/-/hex-rgb-5.0.0.tgz",
      "integrity": "sha512-NQO+lgVUCtHxZ792FodgW0zflK+ozS9X9dwGp9XvvmPlH7pyxd588cn24TD3rmPm/N0AIRXF10Otah8yKqGw4w==",
      "peer": true,
      "engines": {
        "node": ">=12"
      },
      "funding": {
        "url": "https://github.com/sponsors/sindresorhus"
      }
    },
    "node_modules/natural-compare-lite": {
      "version": "1.4.0",
      "resolved": "https://registry.npmjs.org/natural-compare-lite/-/natural-compare-lite-1.4.0.tgz",
      "integrity": "sha512-Tj+HTDSJJKaZnfiuw+iaF9skdPpTo2GtEly5JHnWV/hfv2Qj/9RKsGISQtLh2ox3l5EAGw487hnBee0sIJ6v2g==",
      "peer": true
    },
    "node_modules/preact": {
      "version": "10.18.1",
      "resolved": "https://registry.npmjs.org/preact/-/preact-10.18.1.tgz",
      "integrity": "sha512-mKUD7RRkQQM6s7Rkmi7IFkoEHjuFqRQUaXamO61E6Nn7vqF/bo7EZCmSyrUnp2UWHw0O7XjZ2eeXis+m7tf4lg==",
      "peer": true,
      "funding": {
        "type": "opencollective",
        "url": "https://opencollective.com/preact"
      }
    },
    "node_modules/rgb-hex": {
      "version": "4.1.0",
      "resolved": "https://registry.npmjs.org/rgb-hex/-/rgb-hex-4.1.0.tgz",
      "integrity": "sha512-UZLM57BW09Yi9J1R3OP8B1yCbbDK3NT8BDtihGZkGkGEs2b6EaV85rsfJ6yK4F+8UbxFFmfA+9xHT5ZWhN1gDQ==",
      "peer": true,
      "engines": {
        "node": ">=12"
      },
      "funding": {
        "url": "https://github.com/sponsors/sindresorhus"
      }
    },
    "node_modules/typescript": {
      "version": "5.2.2",
      "resolved": "https://registry.npmjs.org/typescript/-/typescript-5.2.2.tgz",
      "integrity": "sha512-mI4WrpHsbCIcwT9cF4FZvr80QUeKvsUsUvKDoR+X/7XHQH98xYD8YHZg7ANtz2GtZt/CBq2QJ0thkGJMHfqc1w==",
      "dev": true,
      "bin": {
        "tsc": "bin/tsc",
        "tsserver": "bin/tsserver"
      },
      "engines": {
        "node": ">=14.17"
      }
    }
  },
  "dependencies": {
    "@create-figma-plugin/tsconfig": {
      "version": "2.6.1",
      "resolved": "https://registry.npmjs.org/@create-figma-plugin/tsconfig/-/tsconfig-2.6.1.tgz",
      "integrity": "sha512-VWYzdW0VGM0EW6Y83F9ApImbo/N2VUVjWWYh1hILILal9W1C3LuWLJNl1o2M4sSjnrYo5JJeBKZ8EKfpXD+zyA==",
      "dev": true
    },
    "@create-figma-plugin/ui": {
      "version": "2.6.1",
      "resolved": "https://registry.npmjs.org/@create-figma-plugin/ui/-/ui-2.6.1.tgz",
      "integrity": "sha512-22BlXYqh5gnCc2Z4W077dNQuMfvIZzPtzr+4hCzanTG4b+8QUNM5X1u/gOQfvG7LqIJNDk5ZzqJuwfLGTfSxVw==",
      "peer": true,
      "requires": {
        "@create-figma-plugin/utilities": "^2.6.1"
      }
    },
    "@create-figma-plugin/utilities": {
      "version": "2.6.1",
      "resolved": "https://registry.npmjs.org/@create-figma-plugin/utilities/-/utilities-2.6.1.tgz",
      "integrity": "sha512-Zd4sxIogl2IVLmOIWdcyAav3SwzTzAAMNkWY9DuSkder6kq5M79+AdSJ9q1ETCsCiBysakJ5BPaiVOBRAjfuFQ==",
      "peer": true,
      "requires": {
        "hex-rgb": "^5.0.0",
        "natural-compare-lite": "1.4.0",
        "rgb-hex": "^4.0.1"
      }
    },
    "@figma/plugin-typings": {
      "version": "1.80.0",
      "resolved": "https://registry.npmjs.org/@figma/plugin-typings/-/plugin-typings-1.80.0.tgz",
      "integrity": "sha512-dosTVp5wj8u0pn5/pP+Ii7u/iurwbhEkT9kNbxkyrRf59cjsfbMKw5i7PyRrOUOyBmsH3edhCfh9jMff7G6tjQ==",
      "dev": true
    },
    "classnames": {
      "version": "2.3.2",
      "resolved": "https://registry.npmjs.org/classnames/-/classnames-2.3.2.tgz",
      "integrity": "sha512-CSbhY4cFEJRe6/GQzIk5qXZ4Jeg5pcsP7b5peFSDpffpe1cqjASH/n9UTjBwOp6XpMSTwQ8Za2K5V02ueA7Tmw=="
    },
    "figma-await-call": {
      "version": "0.0.2",
      "resolved": "https://registry.npmjs.org/figma-await-call/-/figma-await-call-0.0.2.tgz",
      "integrity": "sha512-AruRh7MLgKxKIPSYUXF/JESsPl5+X/hP96V8UR9MsZrFbVGzArgJPpT7V1R00NgC6D0iNsObb25L/bIiEREcjw=="
    },
    "hex-rgb": {
      "version": "5.0.0",
      "resolved": "https://registry.npmjs.org/hex-rgb/-/hex-rgb-5.0.0.tgz",
      "integrity": "sha512-NQO+lgVUCtHxZ792FodgW0zflK+ozS9X9dwGp9XvvmPlH7pyxd588cn24TD3rmPm/N0AIRXF10Otah8yKqGw4w==",
      "peer": true
    },
    "natural-compare-lite": {
      "version": "1.4.0",
      "resolved": "https://registry.npmjs.org/natural-compare-lite/-/natural-compare-lite-1.4.0.tgz",
      "integrity": "sha512-Tj+HTDSJJKaZnfiuw+iaF9skdPpTo2GtEly5JHnWV/hfv2Qj/9RKsGISQtLh2ox3l5EAGw487hnBee0sIJ6v2g==",
      "peer": true
    },
    "preact": {
      "version": "10.18.1",
      "resolved": "https://registry.npmjs.org/preact/-/preact-10.18.1.tgz",
      "integrity": "sha512-mKUD7RRkQQM6s7Rkmi7IFkoEHjuFqRQUaXamO61E6Nn7vqF/bo7EZCmSyrUnp2UWHw0O7XjZ2eeXis+m7tf4lg==",
      "peer": true
    },
    "rgb-hex": {
      "version": "4.1.0",
      "resolved": "https://registry.npmjs.org/rgb-hex/-/rgb-hex-4.1.0.tgz",
      "integrity": "sha512-UZLM57BW09Yi9J1R3OP8B1yCbbDK3NT8BDtihGZkGkGEs2b6EaV85rsfJ6yK4F+8UbxFFmfA+9xHT5ZWhN1gDQ==",
      "peer": true
    },
    "typescript": {
      "version": "5.2.2",
      "resolved": "https://registry.npmjs.org/typescript/-/typescript-5.2.2.tgz",
      "integrity": "sha512-mI4WrpHsbCIcwT9cF4FZvr80QUeKvsUsUvKDoR+X/7XHQH98xYD8YHZg7ANtz2GtZt/CBq2QJ0thkGJMHfqc1w==",
      "dev": true
    }
  }
}
